
Microsoft Visual Studio Solution File, Format Version 12.00
# Visual Studio 15
VisualStudioVersion = 15.0.28010.2003
MinimumVisualStudioVersion = 10.0.40219.1
Project("{FAE04EC0-301F-11D3-BF4B-00C04F79EFBC}") = "TestGithub", "TestGithub\TestGithub.csproj", "{6DFFBDCF-3A4B-4F6F-A0F2-0EE0ACEAAED0}"
EndProject
Global
	GlobalSection(SolutionConfigurationPlatforms) = preSolution
		Debug|Any CPU = Debug|Any CPU
		Release|Any CPU = Release|Any CPU
	EndGlobalSection
	GlobalSection(ProjectConfigurationPlatforms) = postSolution
		{6DFFBDCF-3A4B-4F6F-A0F2-0EE0ACEAAED0}.Debug|Any CPU.ActiveCfg = Debug|Any CPU
		{6DFFBDCF-3A4B-4F6F-A0F2-0EE0ACEAAED0}.Debug|Any CPU.Build.0 = Debug|Any CPU
		{6DFFBDCF-3A4B-4F6F-A0F2-0EE0ACEAAED0}.Release|Any CPU.ActiveCfg = Release|Any CPU
		{6DFFBDCF-3A4B-4F6F-A0F2-0EE0ACEAAED0}.Release|Any CPU.Build.0 = Release|Any CPU
	EndGlobalSection
	GlobalSection(SolutionProperties) = preSolution
		HideSolutionNode = FALSE
	EndGlobalSection
	GlobalSection(ExtensibilityGlobals) = postSolution
		SolutionGuid = {35B202E6-D200-49FA-A135-4DBFBF203971}
	EndGlobalSection
EndGlobal
